
Microsoft Visual Studio Solution File, Format Version 12.00
# Visual Studio 2012
Project("{FAE04EC0-301F-11D3-BF4B-00C04F79EFBC}") = "SqliteEncryption", "SqliteEncryption\SqliteEncryption.csproj", "{27D277DE-A503-4804-B8A2-60819325731C}"
EndProject
Project("{FAE04EC0-301F-11D3-BF4B-00C04F79EFBC}") = "DemoProject", "DemoProject\DemoProject.csproj", "{8583C8DC-4B1E-46E6-9ADD-81BAD748961E}"
EndProject
Global
	GlobalSection(SolutionConfigurationPlatforms) = preSolution
		Debug|Any CPU = Debug|Any CPU
		Release|Any CPU = Release|Any CPU
	EndGlobalSection
	GlobalSection(ProjectConfigurationPlatforms) = postSolution
		{27D277DE-A503-4804-B8A2-60819325731C}.Debug|Any CPU.ActiveCfg = Debug|Any CPU
		{27D277DE-A503-4804-B8A2-60819325731C}.Debug|Any CPU.Build.0 = Debug|Any CPU
		{27D277DE-A503-4804-B8A2-60819325731C}.Release|Any CPU.ActiveCfg = Release|Any CPU
		{27D277DE-A503-4804-B8A2-60819325731C}.Release|Any CPU.Build.0 = Release|Any CPU
		{8583C8DC-4B1E-46E6-9ADD-81BAD748961E}.Debug|Any CPU.ActiveCfg = Debug|Any CPU
		{8583C8DC-4B1E-46E6-9ADD-81BAD748961E}.Debug|Any CPU.Build.0 = Debug|Any CPU
		{8583C8DC-4B1E-46E6-9ADD-81BAD748961E}.Release|Any CPU.ActiveCfg = Release|Any CPU
		{8583C8DC-4B1E-46E6-9ADD-81BAD748961E}.Release|Any CPU.Build.0 = Release|Any CPU
	EndGlobalSection
EndGlobal
